<?xml version="1.0" encoding="utf-8"?>
<Project ToolsVersion="4.0" xmlns="http://schemas.microsoft.com/developer/msbuild/2003">
  <ItemGroup>
    <Filter Include="ソース ファイル">
      <UniqueIdentifier>{4FC737F1-C7A5-4376-A066-2A32D752A2FF}</UniqueIdentifier>
      <Extensions>cpp;c;cc;cxx;c++;def;odl;idl;hpj;bat;asm;asmx</Extensions>
    </Filter>
    <Filter Include="ソース ファイル\common">
      <UniqueIdentifier>{7abc05cd-1bc9-45c9-a60b-4540fa1a8803}</UniqueIdentifier>
    </Filter>
    <Filter Include="ソース ファイル\precmpl">
      <UniqueIdentifier>{f5a019b0-3cee-4034-89aa-00968a5b91df}</UniqueIdentifier>
    </Filter>
    <Filter Include="ソース ファイル\preincl">
      <UniqueIdentifier>{1bcfdd6b-f906-4d3f-b7d5-b6feeb8b9194}</UniqueIdentifier>
    </Filter>
    <Filter Include="ソース ファイル\graphic">
      <UniqueIdentifier>{ee48bfcc-a2e4-4d01-ae50-1ad9c2f20f9b}</UniqueIdentifier>
    </Filter>
    <Filter Include="ソース ファイル\graphic\dx12">
      <UniqueIdentifier>{d0a40a4f-99a4-4daf-b0e7-452751b90570}</UniqueIdentifier>
    </Filter>
    <Filter Include="ソース ファイル\graphic\dx12\device">
      <UniqueIdentifier>{f2d26b69-4770-4d62-8b82-e15f9dabe7a6}</UniqueIdentifier>
    </Filter>
    <Filter Include="ソース ファイル\graphic\dx12\common">
      <UniqueIdentifier>{2c6b162c-ac02-43c4-91ed-f9ce1ba7bccf}</UniqueIdentifier>
    </Filter>
    <Filter Include="ソース ファイル\graphic\dx12\command">
      <UniqueIdentifier>{fc1a18f2-491a-4e38-b30b-f158c23eb665}</UniqueIdentifier>
    </Filter>
    <Filter Include="ソース ファイル\graphic\dx12\command\list">
      <UniqueIdentifier>{f1209ea7-5041-4215-a426-4f99068c2fbc}</UniqueIdentifier>
    </Filter>
    <Filter Include="ソース ファイル\graphic\dx12\command\allocator">
      <UniqueIdentifier>{549f1c55-0ebe-4710-a8d6-94c516f3b7fc}</UniqueIdentifier>
    </Filter>
    <Filter Include="ソース ファイル\graphic\dx12\command\queue">
      <UniqueIdentifier>{fa35bb02-fbde-4807-b597-fe2de1122da8}</UniqueIdentifier>
    </Filter>
    <Filter Include="ソース ファイル\graphic\dx12\fence">
      <UniqueIdentifier>{e246b2f5-0e49-4d3c-b8d8-0420fb2332a6}</UniqueIdentifier>
    </Filter>
    <Filter Include="ソース ファイル\graphic\dx12\swapchain">
      <UniqueIdentifier>{fa712935-5f55-44f8-8562-e4c8ef6e6d69}</UniqueIdentifier>
    </Filter>
    <Filter Include="ソース ファイル\graphic\dx12\target">
      <UniqueIdentifier>{4b928141-d9c5-4086-8512-7a613b9ab781}</UniqueIdentifier>
    </Filter>
    <Filter Include="ソース ファイル\graphic\dx12\target\render">
      <UniqueIdentifier>{dd416de4-9751-4f13-bdd2-34b7eab99437}</UniqueIdentifier>
    </Filter>
    <Filter Include="ソース ファイル\graphic\dx12\descriptor">
      <UniqueIdentifier>{743807ed-95d2-4458-9794-ed406403eca6}</UniqueIdentifier>
    </Filter>
    <Filter Include="ソース ファイル\graphic\dx12\barrier">
      <UniqueIdentifier>{fe20bf71-d415-4660-8ee2-0feedab22a6f}</UniqueIdentifier>
    </Filter>
    <Filter Include="ソース ファイル\graphic\dx12\target\depth">
      <UniqueIdentifier>{c08aa12f-7814-45e9-bfe1-b0e290a64722}</UniqueIdentifier>
    </Filter>
    <Filter Include="ソース ファイル\graphic\dx12\resource">
      <UniqueIdentifier>{cb4dcaf9-38fd-4b06-9853-2706a66b73f2}</UniqueIdentifier>
    </Filter>
    <Filter Include="ソース ファイル\graphic\dx12\viewport">
      <UniqueIdentifier>{536921e8-1271-4d13-94ef-83f4f41b3f3d}</UniqueIdentifier>
    </Filter>
    <Filter Include="ソース ファイル\graphic\dx12\scissor">
      <UniqueIdentifier>{c2194121-29ed-4000-a3eb-3b52deddcdf4}</UniqueIdentifier>
    </Filter>
    <Filter Include="ソース ファイル\graphic\dx12\polygon">
      <UniqueIdentifier>{fbc36c05-9b8e-4025-b6b0-a0e2d5c115ef}</UniqueIdentifier>
    </Filter>
    <Filter Include="ソース ファイル\graphic\dx12\shader">
      <UniqueIdentifier>{5701b96a-9dc7-44e7-baca-98e7ede6cf7f}</UniqueIdentifier>
    </Filter>
    <Filter Include="ソース ファイル\graphic\dx12\rootsign">
      <UniqueIdentifier>{d749817c-80b1-46c1-ba5d-ea4803b55c19}</UniqueIdentifier>
    </Filter>
    <Filter Include="ソース ファイル\graphic\dx12\pipeline">
      <UniqueIdentifier>{4cd2afb7-8c1d-4779-83d8-3144735cb3a3}</UniqueIdentifier>
    </Filter>
  </ItemGroup>
  <ItemGroup>
    <ClInclude Include="ngLibGraphic.h">
      <Filter>ソース ファイル</Filter>
    </ClInclude>
    <ClInclude Include="common\ngCommon.h">
      <Filter>ソース ファイル\common</Filter>
    </ClInclude>
    <ClInclude Include="precmpl\ngPreCompiled.h">
      <Filter>ソース ファイル\precmpl</Filter>
    </ClInclude>
    <ClInclude Include="preincl\ngPreInclude.h">
      <Filter>ソース ファイル\preincl</Filter>
    </ClInclude>
    <ClInclude Include="graphic\ngGraphic.h">
      <Filter>ソース ファイル\graphic</Filter>
    </ClInclude>
    <ClInclude Include="graphic\ngGraphicManager.h">
      <Filter>ソース ファイル\graphic</Filter>
    </ClInclude>
    <ClInclude Include="graphic\dx12\ngDX12Graphic.h">
      <Filter>ソース ファイル\graphic\dx12</Filter>
    </ClInclude>
    <ClInclude Include="graphic\dx12\device\ngDX12Device.h">
      <Filter>ソース ファイル\graphic\dx12\device</Filter>
    </ClInclude>
    <ClInclude Include="graphic\dx12\device\ngDX12DeviceDriverType.h">
      <Filter>ソース ファイル\graphic\dx12\device</Filter>
    </ClInclude>
    <ClInclude Include="graphic\dx12\common\ngDX12Common.h">
      <Filter>ソース ファイル\graphic\dx12\common</Filter>
    </ClInclude>
    <ClInclude Include="graphic\dx12\common\ngDX12Const.h">
      <Filter>ソース ファイル\graphic\dx12\common</Filter>
    </ClInclude>
    <ClInclude Include="graphic\dx12\common\ngDX12Std.h">
      <Filter>ソース ファイル\graphic\dx12\common</Filter>
    </ClInclude>
    <ClInclude Include="graphic\dx12\common\ngDX12Define.h">
      <Filter>ソース ファイル\graphic\dx12\common</Filter>
    </ClInclude>
    <ClInclude Include="graphic\dx12\common\ngDX12Macro.h">
      <Filter>ソース ファイル\graphic\dx12\common</Filter>
    </ClInclude>
    <ClInclude Include="graphic\dx12\command\list\ngDX12CommandList.h">
      <Filter>ソース ファイル\graphic\dx12\command\list</Filter>
    </ClInclude>
    <ClInclude Include="graphic\dx12\command\allocator\ngDX12CommandAllocator.h">
      <Filter>ソース ファイル\graphic\dx12\command\allocator</Filter>
    </ClInclude>
    <ClInclude Include="graphic\dx12\command\list\ngDX12CommandListManager.h">
      <Filter>ソース ファイル\graphic\dx12\command\list</Filter>
    </ClInclude>
    <ClInclude Include="graphic\dx12\command\allocator\ngDX12CommandAllocatorManager.h">
      <Filter>ソース ファイル\graphic\dx12\command\allocator</Filter>
    </ClInclude>
    <ClInclude Include="graphic\dx12\command\queue\ngDX12CommandQueueType.h">
      <Filter>ソース ファイル\graphic\dx12\command\queue</Filter>
    </ClInclude>
    <ClInclude Include="graphic\dx12\command\queue\ngDX12CommandQueue.h">
      <Filter>ソース ファイル\graphic\dx12\command\queue</Filter>
    </ClInclude>
    <ClInclude Include="graphic\dx12\command\queue\ngDX12CommandQueueManager.h">
      <Filter>ソース ファイル\graphic\dx12\command\queue</Filter>
    </ClInclude>
    <ClInclude Include="graphic\dx12\fence\ngDX12Fence.h">
      <Filter>ソース ファイル\graphic\dx12\fence</Filter>
    </ClInclude>
    <ClInclude Include="graphic\dx12\swapchain\ngDX12SwapChain.h">
      <Filter>ソース ファイル\graphic\dx12\swapchain</Filter>
    </ClInclude>
    <ClInclude Include="graphic\dx12\target\render\ngDX12RenderTarget.h">
      <Filter>ソース ファイル\graphic\dx12\target\render</Filter>
    </ClInclude>
    <ClInclude Include="graphic\dx12\descriptor\ngDX12DescriptorHeap.h">
      <Filter>ソース ファイル\graphic\dx12\descriptor</Filter>
    </ClInclude>
    <ClInclude Include="graphic\dx12\barrier\ngDX12ResourceBarrier.h">
      <Filter>ソース ファイル\graphic\dx12\barrier</Filter>
    </ClInclude>
    <ClInclude Include="graphic\dx12\barrier\ngDX12ResourceBarrierTransition.h">
      <Filter>ソース ファイル\graphic\dx12\barrier</Filter>
    </ClInclude>
    <ClInclude Include="graphic\dx12\target\render\ngDX12RenderTargetId.h">
      <Filter>ソース ファイル\graphic\dx12\target\render</Filter>
    </ClInclude>
    <ClInclude Include="graphic\dx12\target\render\ngDX12RenderTargetManager.h">
      <Filter>ソース ファイル\graphic\dx12\target\render</Filter>
    </ClInclude>
    <ClInclude Include="graphic\dx12\target\depth\ngDX12DepthStencilManager.h">
      <Filter>ソース ファイル\graphic\dx12\target\depth</Filter>
    </ClInclude>
    <ClInclude Include="graphic\dx12\target\depth\ngDX12DepthStencil.h">
      <Filter>ソース ファイル\graphic\dx12\target\depth</Filter>
    </ClInclude>
    <ClInclude Include="graphic\dx12\target\depth\ngDX12DepthStencilId.h">
      <Filter>ソース ファイル\graphic\dx12\target\depth</Filter>
    </ClInclude>
    <ClInclude Include="graphic\dx12\resource\ngDX12Resource.h">
      <Filter>ソース ファイル\graphic\dx12\resource</Filter>
    </ClInclude>
    <ClInclude Include="graphic\dx12\viewport\ngDX12Viewport.h">
      <Filter>ソース ファイル\graphic\dx12\viewport</Filter>
    </ClInclude>
    <ClInclude Include="graphic\dx12\scissor\ngDX12Scissor.h">
      <Filter>ソース ファイル\graphic\dx12\scissor</Filter>
    </ClInclude>
    <ClInclude Include="graphic\dx12\ngDX12Util.h">
      <Filter>ソース ファイル\graphic\dx12</Filter>
    </ClInclude>
    <ClInclude Include="graphic\dx12\ngDX12.h">
      <Filter>ソース ファイル\graphic\dx12</Filter>
    </ClInclude>
    <ClInclude Include="graphic\dx12\polygon\ngDX12Polygon.h">
      <Filter>ソース ファイル\graphic\dx12\polygon</Filter>
    </ClInclude>
    <ClInclude Include="graphic\dx12\shader\ngDX12Shader.h">
      <Filter>ソース ファイル\graphic\dx12\shader</Filter>
    </ClInclude>
    <ClInclude Include="graphic\dx12\rootsign\ngDX12RootSignature.h">
      <Filter>ソース ファイル\graphic\dx12\rootsign</Filter>
    </ClInclude>
    <ClInclude Include="graphic\dx12\polygon\ngDX12IndexBuffer.h">
      <Filter>ソース ファイル\graphic\dx12\polygon</Filter>
    </ClInclude>
    <ClInclude Include="graphic\dx12\polygon\ngDX12VertexBuffer.h">
      <Filter>ソース ファイル\graphic\dx12\polygon</Filter>
    </ClInclude>
    <ClInclude Include="graphic\dx12\pipeline\ngDX12GraphicPipelineStateDesc.h">
      <Filter>ソース ファイル\graphic\dx12\pipeline</Filter>
    </ClInclude>
    <ClInclude Include="graphic\dx12\pipeline\ngDX12PipelineState.h">
      <Filter>ソース ファイル\graphic\dx12\pipeline</Filter>
    </ClInclude>
  </ItemGroup>
  <ItemGroup>
    <ClCompile Include="precmpl\ngPreCompiled.cpp">
      <Filter>ソース ファイル\precmpl</Filter>
    </ClCompile>
    <ClCompile Include="graphic\ngGraphicManager.cpp">
      <Filter>ソース ファイル\graphic</Filter>
    </ClCompile>
    <ClCompile Include="graphic\dx12\ngDX12Graphic.cpp">
      <Filter>ソース ファイル\graphic\dx12</Filter>
    </ClCompile>
    <ClCompile Include="graphic\dx12\device\ngDX12Device.cpp">
      <Filter>ソース ファイル\graphic\dx12\device</Filter>
    </ClCompile>
    <ClCompile Include="graphic\dx12\common\ngDX12Std.cpp">
      <Filter>ソース ファイル\graphic\dx12\common</Filter>
    </ClCompile>
    <ClCompile Include="graphic\dx12\command\list\ngDX12CommandList.cpp">
      <Filter>ソース ファイル\graphic\dx12\command\list</Filter>
    </ClCompile>
    <ClCompile Include="graphic\dx12\command\allocator\ngDX12CommandAllocator.cpp">
      <Filter>ソース ファイル\graphic\dx12\command\allocator</Filter>
    </ClCompile>
    <ClCompile Include="graphic\dx12\command\list\ngDX12CommandListManager.cpp">
      <Filter>ソース ファイル\graphic\dx12\command\list</Filter>
    </ClCompile>
    <ClCompile Include="graphic\dx12\command\allocator\ngDX12CommandAllocatorManager.cpp">
      <Filter>ソース ファイル\graphic\dx12\command\allocator</Filter>
    </ClCompile>
    <ClCompile Include="graphic\dx12\command\queue\ngDX12CommandQueue.cpp">
      <Filter>ソース ファイル\graphic\dx12\command\queue</Filter>
    </ClCompile>
    <ClCompile Include="graphic\dx12\command\queue\ngDX12CommandQueueManager.cpp">
      <Filter>ソース ファイル\graphic\dx12\command\queue</Filter>
    </ClCompile>
    <ClCompile Include="graphic\dx12\command\queue\ngDX12CommandQueueType.cpp">
      <Filter>ソース ファイル\graphic\dx12\command\queue</Filter>
    </ClCompile>
    <ClCompile Include="graphic\dx12\fence\ngDX12Fence.cpp">
      <Filter>ソース ファイル\graphic\dx12\fence</Filter>
    </ClCompile>
    <ClCompile Include="graphic\dx12\swapchain\ngDX12SwapChain.cpp">
      <Filter>ソース ファイル\graphic\dx12\swapchain</Filter>
    </ClCompile>
    <ClCompile Include="graphic\dx12\target\render\ngDX12RenderTarget.cpp">
      <Filter>ソース ファイル\graphic\dx12\target\render</Filter>
    </ClCompile>
    <ClCompile Include="graphic\dx12\descriptor\ngDX12DescriptorHeap.cpp">
      <Filter>ソース ファイル\graphic\dx12\descriptor</Filter>
    </ClCompile>
    <ClCompile Include="graphic\dx12\barrier\ngDX12ResourceBarrier.cpp">
      <Filter>ソース ファイル\graphic\dx12\barrier</Filter>
    </ClCompile>
    <ClCompile Include="graphic\dx12\barrier\ngDX12ResourceBarrierTransition.cpp">
      <Filter>ソース ファイル\graphic\dx12\barrier</Filter>
    </ClCompile>
    <ClCompile Include="graphic\dx12\target\render\ngDX12RenderTargetManager.cpp">
      <Filter>ソース ファイル\graphic\dx12\target\render</Filter>
    </ClCompile>
    <ClCompile Include="graphic\dx12\target\depth\ngDX12DepthStencil.cpp">
      <Filter>ソース ファイル\graphic\dx12\target\depth</Filter>
    </ClCompile>
    <ClCompile Include="graphic\dx12\target\depth\ngDX12DepthStencilManager.cpp">
      <Filter>ソース ファイル\graphic\dx12\target\depth</Filter>
    </ClCompile>
    <ClCompile Include="graphic\dx12\resource\ngDX12Resource.cpp">
      <Filter>ソース ファイル\graphic\dx12\resource</Filter>
    </ClCompile>
    <ClCompile Include="graphic\dx12\viewport\ngDX12Viewport.cpp">
      <Filter>ソース ファイル\graphic\dx12\viewport</Filter>
    </ClCompile>
    <ClCompile Include="graphic\dx12\scissor\ngDX12Scissor.cpp">
      <Filter>ソース ファイル\graphic\dx12\scissor</Filter>
    </ClCompile>
    <ClCompile Include="graphic\dx12\ngDX12Util.cpp">
      <Filter>ソース ファイル\graphic\dx12</Filter>
    </ClCompile>
    <ClCompile Include="graphic\dx12\polygon\ngDX12Polygon.cpp">
      <Filter>ソース ファイル\graphic\dx12\polygon</Filter>
    </ClCompile>
    <ClCompile Include="graphic\dx12\shader\ngDX12Shader.cpp">
      <Filter>ソース ファイル\graphic\dx12\shader</Filter>
    </ClCompile>
    <ClCompile Include="graphic\dx12\rootsign\ngDX12RootSignature.cpp">
      <Filter>ソース ファイル\graphic\dx12\rootsign</Filter>
    </ClCompile>
    <ClCompile Include="graphic\dx12\polygon\ngDX12IndexBuffer.cpp">
      <Filter>ソース ファイル\graphic\dx12\polygon</Filter>
    </ClCompile>
    <ClCompile Include="graphic\dx12\polygon\ngDX12VertexBuffer.cpp">
      <Filter>ソース ファイル\graphic\dx12\polygon</Filter>
    </ClCompile>
    <ClCompile Include="graphic\dx12\pipeline\ngDX12GraphicPipelineStateDesc.cpp">
      <Filter>ソース ファイル\graphic\dx12\pipeline</Filter>
    </ClCompile>
    <ClCompile Include="graphic\dx12\pipeline\ngDX12PipelineState.cpp">
      <Filter>ソース ファイル\graphic\dx12\pipeline</Filter>
    </ClCompile>
  </ItemGroup>
</Project>