<?xml version="1.0" encoding="utf-8"?>
<Project ToolsVersion="4.0" xmlns="http://schemas.microsoft.com/developer/msbuild/2003">
  <ItemGroup>
    <Filter Include="ソース ファイル">
      <UniqueIdentifier>{4FC737F1-C7A5-4376-A066-2A32D752A2FF}</UniqueIdentifier>
      <Extensions>cpp;c;cc;cxx;c++;def;odl;idl;hpj;bat;asm;asmx</Extensions>
    </Filter>
    <Filter Include="ソース ファイル\common">
      <UniqueIdentifier>{7abc05cd-1bc9-45c9-a60b-4540fa1a8803}</UniqueIdentifier>
    </Filter>
    <Filter Include="ソース ファイル\precmpl">
      <UniqueIdentifier>{f5a019b0-3cee-4034-89aa-00968a5b91df}</UniqueIdentifier>
    </Filter>
    <Filter Include="ソース ファイル\preincl">
      <UniqueIdentifier>{1bcfdd6b-f906-4d3f-b7d5-b6feeb8b9194}</UniqueIdentifier>
    </Filter>
    <Filter Include="ソース ファイル\graphic">
      <UniqueIdentifier>{ee48bfcc-a2e4-4d01-ae50-1ad9c2f20f9b}</UniqueIdentifier>
    </Filter>
    <Filter Include="ソース ファイル\graphic\dx12">
      <UniqueIdentifier>{d0a40a4f-99a4-4daf-b0e7-452751b90570}</UniqueIdentifier>
    </Filter>
    <Filter Include="ソース ファイル\graphic\dx12\device">
      <UniqueIdentifier>{f2d26b69-4770-4d62-8b82-e15f9dabe7a6}</UniqueIdentifier>
    </Filter>
    <Filter Include="ソース ファイル\graphic\dx12\common">
      <UniqueIdentifier>{2c6b162c-ac02-43c4-91ed-f9ce1ba7bccf}</UniqueIdentifier>
    </Filter>
  </ItemGroup>
  <ItemGroup>
    <ClInclude Include="ngLibGraphic.h">
      <Filter>ソース ファイル</Filter>
    </ClInclude>
    <ClInclude Include="common\ngCommon.h">
      <Filter>ソース ファイル\common</Filter>
    </ClInclude>
    <ClInclude Include="precmpl\ngPreCompiled.h">
      <Filter>ソース ファイル\precmpl</Filter>
    </ClInclude>
    <ClInclude Include="preincl\ngPreInclude.h">
      <Filter>ソース ファイル\preincl</Filter>
    </ClInclude>
    <ClInclude Include="graphic\ngGraphic.h">
      <Filter>ソース ファイル\graphic</Filter>
    </ClInclude>
    <ClInclude Include="graphic\ngGraphicManager.h">
      <Filter>ソース ファイル\graphic</Filter>
    </ClInclude>
    <ClInclude Include="graphic\dx12\ngDX12Graphic.h">
      <Filter>ソース ファイル\graphic\dx12</Filter>
    </ClInclude>
    <ClInclude Include="graphic\dx12\device\ngDX12Device.h">
      <Filter>ソース ファイル\graphic\dx12\device</Filter>
    </ClInclude>
    <ClInclude Include="graphic\dx12\device\ngDX12DeviceDriverType.h">
      <Filter>ソース ファイル\graphic\dx12\device</Filter>
    </ClInclude>
    <ClInclude Include="graphic\dx12\common\ngDX12Common.h">
      <Filter>ソース ファイル\graphic\dx12\common</Filter>
    </ClInclude>
    <ClInclude Include="graphic\dx12\common\ngDX12Const.h">
      <Filter>ソース ファイル\graphic\dx12\common</Filter>
    </ClInclude>
    <ClInclude Include="graphic\dx12\common\ngDX12Std.h">
      <Filter>ソース ファイル\graphic\dx12\common</Filter>
    </ClInclude>
    <ClInclude Include="graphic\dx12\common\ngDX12Define.h">
      <Filter>ソース ファイル\graphic\dx12\common</Filter>
    </ClInclude>
    <ClInclude Include="graphic\dx12\common\ngDX12Macro.h">
      <Filter>ソース ファイル\graphic\dx12\common</Filter>
    </ClInclude>
  </ItemGroup>
  <ItemGroup>
    <ClCompile Include="precmpl\ngPreCompiled.cpp">
      <Filter>ソース ファイル\precmpl</Filter>
    </ClCompile>
    <ClCompile Include="graphic\ngGraphicManager.cpp">
      <Filter>ソース ファイル\graphic</Filter>
    </ClCompile>
    <ClCompile Include="graphic\dx12\ngDX12Graphic.cpp">
      <Filter>ソース ファイル\graphic\dx12</Filter>
    </ClCompile>
    <ClCompile Include="graphic\dx12\device\ngDX12Device.cpp">
      <Filter>ソース ファイル\graphic\dx12\device</Filter>
    </ClCompile>
    <ClCompile Include="graphic\dx12\common\ngDX12Std.cpp">
      <Filter>ソース ファイル\graphic\dx12\common</Filter>
    </ClCompile>
  </ItemGroup>
</Project>