<?xml version="1.0" encoding="utf-8"?>
<Project ToolsVersion="4.0" xmlns="http://schemas.microsoft.com/developer/msbuild/2003">
  <ItemGroup>
    <Filter Include="ソース ファイル">
      <UniqueIdentifier>{4FC737F1-C7A5-4376-A066-2A32D752A2FF}</UniqueIdentifier>
      <Extensions>cpp;c;cc;cxx;c++;def;odl;idl;hpj;bat;asm;asmx</Extensions>
    </Filter>
    <Filter Include="ソース ファイル\preincl">
      <UniqueIdentifier>{69836ee5-b7ed-4a4f-86f8-714b9e2cd332}</UniqueIdentifier>
    </Filter>
    <Filter Include="ソース ファイル\common">
      <UniqueIdentifier>{0d7cf449-30a1-4705-8e5c-92932cc4554b}</UniqueIdentifier>
    </Filter>
    <Filter Include="ソース ファイル\testcode">
      <UniqueIdentifier>{9931be9b-ec2d-4353-9040-33ab9594e22b}</UniqueIdentifier>
    </Filter>
    <Filter Include="ソース ファイル\testcode\io">
      <UniqueIdentifier>{37e3a2bd-0ee2-4a21-b28f-7a554e2fb31e}</UniqueIdentifier>
    </Filter>
    <Filter Include="ソース ファイル\testcode\test">
      <UniqueIdentifier>{b43a20a8-fbea-4d5d-9843-a23b87fc20d9}</UniqueIdentifier>
    </Filter>
    <Filter Include="ソース ファイル\testcode\io\console">
      <UniqueIdentifier>{a9c67b7c-0693-4666-a368-3f054523168a}</UniqueIdentifier>
    </Filter>
    <Filter Include="ソース ファイル\setup">
      <UniqueIdentifier>{f32258e5-bbbd-492e-9e57-7ae9719b60ab}</UniqueIdentifier>
    </Filter>
    <Filter Include="ソース ファイル\testcode\debug">
      <UniqueIdentifier>{505446da-03da-469c-9a06-ce54bb743caa}</UniqueIdentifier>
    </Filter>
    <Filter Include="ソース ファイル\testcode\container">
      <UniqueIdentifier>{3bafc9c3-0397-4c38-9015-d82dcbee5861}</UniqueIdentifier>
    </Filter>
    <Filter Include="ソース ファイル\testcode\container\array">
      <UniqueIdentifier>{305ceb15-f331-4d38-a8f1-e9213264b945}</UniqueIdentifier>
    </Filter>
    <Filter Include="ソース ファイル\testcode\container\stack">
      <UniqueIdentifier>{e95fbeae-aedd-4c96-b54f-165cfd5f599d}</UniqueIdentifier>
    </Filter>
    <Filter Include="ソース ファイル\testcode\container\queue">
      <UniqueIdentifier>{a6ef0160-bea1-4ea4-b02a-f7f823301350}</UniqueIdentifier>
    </Filter>
    <Filter Include="ソース ファイル\testcode\container\list">
      <UniqueIdentifier>{99ee8b2b-be2b-493d-8b82-2303ab9bbabd}</UniqueIdentifier>
    </Filter>
    <Filter Include="ソース ファイル\testcode\geometry">
      <UniqueIdentifier>{e8220c97-1dfd-4ab0-8648-ee754da96a70}</UniqueIdentifier>
    </Filter>
    <Filter Include="ソース ファイル\testcode\memory">
      <UniqueIdentifier>{89806ef6-c676-4039-9521-da245ee717dc}</UniqueIdentifier>
    </Filter>
    <Filter Include="ソース ファイル\testcode\memory\pointer">
      <UniqueIdentifier>{82325898-55ef-4470-a578-021ac3ede483}</UniqueIdentifier>
    </Filter>
  </ItemGroup>
  <ItemGroup>
    <ClInclude Include="preincl\testPreInclude.h">
      <Filter>ソース ファイル\preincl</Filter>
    </ClInclude>
    <ClInclude Include="preincl\testUnitTest.h">
      <Filter>ソース ファイル\preincl</Filter>
    </ClInclude>
    <ClInclude Include="common\testMacro.h">
      <Filter>ソース ファイル\common</Filter>
    </ClInclude>
    <ClInclude Include="common\testCommon.h">
      <Filter>ソース ファイル\common</Filter>
    </ClInclude>
    <ClInclude Include="setup\testSetup.h">
      <Filter>ソース ファイル\setup</Filter>
    </ClInclude>
    <ClInclude Include="common\testDummy.h">
      <Filter>ソース ファイル\common</Filter>
    </ClInclude>
  </ItemGroup>
  <ItemGroup>
    <ClCompile Include="testcode\io\console\testConsole.cpp">
      <Filter>ソース ファイル\testcode\io\console</Filter>
    </ClCompile>
    <ClCompile Include="setup\testSetup.cpp">
      <Filter>ソース ファイル\setup</Filter>
    </ClCompile>
    <ClCompile Include="testcode\test\testUnitTest.cpp">
      <Filter>ソース ファイル\testcode\test</Filter>
    </ClCompile>
    <ClCompile Include="testcode\debug\testAssert.cpp">
      <Filter>ソース ファイル\testcode\debug</Filter>
    </ClCompile>
    <ClCompile Include="testcode\container\array\testFixedArray.cpp">
      <Filter>ソース ファイル\testcode\container\array</Filter>
    </ClCompile>
    <ClCompile Include="testcode\container\stack\testFixedStack.cpp">
      <Filter>ソース ファイル\testcode\container\stack</Filter>
    </ClCompile>
    <ClCompile Include="testcode\container\queue\testFixedQueue.cpp">
      <Filter>ソース ファイル\testcode\container\queue</Filter>
    </ClCompile>
    <ClCompile Include="testcode\container\list\testFixedList.cpp">
      <Filter>ソース ファイル\testcode\container\list</Filter>
    </ClCompile>
    <ClCompile Include="testcode\container\list\testIntrusiveList.cpp">
      <Filter>ソース ファイル\testcode\container\list</Filter>
    </ClCompile>
    <ClCompile Include="testcode\geometry\testVector.cpp">
      <Filter>ソース ファイル\testcode\geometry</Filter>
    </ClCompile>
    <ClCompile Include="memory\pointer\testUniquePtr.cpp">
      <Filter>ソース ファイル\testcode\memory\pointer</Filter>
    </ClCompile>
  </ItemGroup>
</Project>