<?xml version="1.0" encoding="utf-8"?>
<Project ToolsVersion="4.0" xmlns="http://schemas.microsoft.com/developer/msbuild/2003">
  <ItemGroup>
    <Filter Include="ソース ファイル">
      <UniqueIdentifier>{4FC737F1-C7A5-4376-A066-2A32D752A2FF}</UniqueIdentifier>
      <Extensions>cpp;c;cc;cxx;c++;cppm;ixx;def;odl;idl;hpj;bat;asm;asmx</Extensions>
    </Filter>
    <Filter Include="ソース ファイル\converter">
      <UniqueIdentifier>{2c14b559-b887-4d61-ac18-7b21fa8ffd81}</UniqueIdentifier>
    </Filter>
    <Filter Include="ソース ファイル\preincl">
      <UniqueIdentifier>{4d0fcf93-443c-404c-aa92-8a3e6bd82448}</UniqueIdentifier>
    </Filter>
    <Filter Include="ソース ファイル\model">
      <UniqueIdentifier>{01b5e2de-8067-434b-b6b8-260b64e18b03}</UniqueIdentifier>
    </Filter>
  </ItemGroup>
  <ItemGroup>
    <ClCompile Include="main.cpp">
      <Filter>ソース ファイル</Filter>
    </ClCompile>
    <ClCompile Include="converter\GLTFModelConverter.cpp">
      <Filter>ソース ファイル\converter</Filter>
    </ClCompile>
    <ClCompile Include="converter\GLTFStreamReader.cpp">
      <Filter>ソース ファイル\converter</Filter>
    </ClCompile>
    <ClCompile Include="model\ModelFormat.cpp">
      <Filter>ソース ファイル\model</Filter>
    </ClCompile>
    <ClCompile Include="converter\ModelBinaryWriter.cpp">
      <Filter>ソース ファイル\converter</Filter>
    </ClCompile>
    <ClCompile Include="model\BinaryFormat.cpp">
      <Filter>ソース ファイル\model</Filter>
    </ClCompile>
  </ItemGroup>
  <ItemGroup>
    <ClInclude Include="preincl\preInclude.h">
      <Filter>ソース ファイル\preincl</Filter>
    </ClInclude>
    <ClInclude Include="converter\GLTFModelConverter.h">
      <Filter>ソース ファイル\converter</Filter>
    </ClInclude>
    <ClInclude Include="converter\GLTFStreamReader.h">
      <Filter>ソース ファイル\converter</Filter>
    </ClInclude>
    <ClInclude Include="model\ModelFormat.h">
      <Filter>ソース ファイル\model</Filter>
    </ClInclude>
    <ClInclude Include="converter\ModelBinaryWriter.h">
      <Filter>ソース ファイル\converter</Filter>
    </ClInclude>
    <ClInclude Include="model\BinaryFormat.h">
      <Filter>ソース ファイル\model</Filter>
    </ClInclude>
  </ItemGroup>
  <ItemGroup>
    <None Include="packages.config" />
  </ItemGroup>
</Project>