<?xml version="1.0" encoding="utf-8"?>
<Project ToolsVersion="4.0" xmlns="http://schemas.microsoft.com/developer/msbuild/2003">
  <ItemGroup>
    <Filter Include="ソース ファイル">
      <UniqueIdentifier>{4FC737F1-C7A5-4376-A066-2A32D752A2FF}</UniqueIdentifier>
      <Extensions>cpp;c;cc;cxx;c++;def;odl;idl;hpj;bat;asm;asmx</Extensions>
    </Filter>
    <Filter Include="ソース ファイル\precmpl">
      <UniqueIdentifier>{213c8fec-4a80-407d-b4f7-365a5f1c43b2}</UniqueIdentifier>
    </Filter>
    <Filter Include="ソース ファイル\common">
      <UniqueIdentifier>{113661bf-a58f-4733-a101-64872369c33a}</UniqueIdentifier>
    </Filter>
    <Filter Include="ソース ファイル\common\type">
      <UniqueIdentifier>{c49f1657-5cf9-4d16-b776-b6d4da9c9714}</UniqueIdentifier>
    </Filter>
    <Filter Include="ソース ファイル\common\debug">
      <UniqueIdentifier>{7a72735a-a406-4354-98e3-d9dd01507bdc}</UniqueIdentifier>
    </Filter>
    <Filter Include="ソース ファイル\common\std">
      <UniqueIdentifier>{b1f99c54-e77c-4219-9915-04cbd09c561c}</UniqueIdentifier>
    </Filter>
    <Filter Include="ソース ファイル\debug">
      <UniqueIdentifier>{4a001d56-4a8b-4b62-8efc-7ecb9b75e5cf}</UniqueIdentifier>
    </Filter>
    <Filter Include="ソース ファイル\preincl">
      <UniqueIdentifier>{2fb373a9-8cb5-4ac0-a8c1-b45b093e446f}</UniqueIdentifier>
    </Filter>
    <Filter Include="ソース ファイル\common\string">
      <UniqueIdentifier>{aa624781-05e9-4a2f-88c3-0a31ff1521a4}</UniqueIdentifier>
    </Filter>
    <Filter Include="ソース ファイル\common\memory">
      <UniqueIdentifier>{03cdfef1-2170-4cb8-81bc-e6f9d3f592db}</UniqueIdentifier>
    </Filter>
    <Filter Include="ソース ファイル\common\std\msgbox">
      <UniqueIdentifier>{1c7f3088-3f1a-46ee-b2fe-b971d0320178}</UniqueIdentifier>
    </Filter>
    <Filter Include="ソース ファイル\common\error">
      <UniqueIdentifier>{f9d4458a-58de-456c-9bb9-b6621e0046d3}</UniqueIdentifier>
    </Filter>
    <Filter Include="ソース ファイル\allocator">
      <UniqueIdentifier>{8265cdc2-1662-4d76-99e9-dbb22021dc07}</UniqueIdentifier>
    </Filter>
    <Filter Include="ソース ファイル\memory">
      <UniqueIdentifier>{9a804d21-01fc-4d78-88be-f3cd1d54bc90}</UniqueIdentifier>
    </Filter>
    <Filter Include="ソース ファイル\memory\pool">
      <UniqueIdentifier>{9c387d81-40d1-4e6b-b955-4d8773a60a4f}</UniqueIdentifier>
    </Filter>
    <Filter Include="ソース ファイル\io">
      <UniqueIdentifier>{9dae0ea2-8a55-460a-91ee-84f996826b3c}</UniqueIdentifier>
    </Filter>
    <Filter Include="ソース ファイル\io\file">
      <UniqueIdentifier>{e9a674e7-d968-4880-a1aa-3e759b8e9ad5}</UniqueIdentifier>
    </Filter>
    <Filter Include="ソース ファイル\traits">
      <UniqueIdentifier>{f9b60abf-308b-4e3b-a9a8-d5261014caf1}</UniqueIdentifier>
    </Filter>
    <Filter Include="ソース ファイル\io\console">
      <UniqueIdentifier>{5467ae3d-2e3f-4cfc-890e-9701a1e3514a}</UniqueIdentifier>
    </Filter>
    <Filter Include="ソース ファイル\debug\log">
      <UniqueIdentifier>{428a51eb-7a87-4707-b4d5-8761d9637d25}</UniqueIdentifier>
    </Filter>
    <Filter Include="ソース ファイル\locale">
      <UniqueIdentifier>{d4e789b8-3687-44f8-8e89-9053f02d269f}</UniqueIdentifier>
    </Filter>
    <Filter Include="ソース ファイル\io\stream">
      <UniqueIdentifier>{eb16ddbd-fe96-479b-a348-c5e1c19cb20c}</UniqueIdentifier>
    </Filter>
  </ItemGroup>
  <ItemGroup>
    <ClInclude Include="precmpl\ngPreCompiled.h">
      <Filter>ソース ファイル\precmpl</Filter>
    </ClInclude>
    <ClInclude Include="ngLibCore.h">
      <Filter>ソース ファイル</Filter>
    </ClInclude>
    <ClInclude Include="common\ngCommon.h">
      <Filter>ソース ファイル\common</Filter>
    </ClInclude>
    <ClInclude Include="common\type\ngType.h">
      <Filter>ソース ファイル\common\type</Filter>
    </ClInclude>
    <ClInclude Include="common\type\ngTypeList.h">
      <Filter>ソース ファイル\common\type</Filter>
    </ClInclude>
    <ClInclude Include="common\type\ngTypeUtil.h">
      <Filter>ソース ファイル\common\type</Filter>
    </ClInclude>
    <ClInclude Include="common\debug\ngDbgMacro.h">
      <Filter>ソース ファイル\common\debug</Filter>
    </ClInclude>
    <ClInclude Include="common\debug\ngDebug.h">
      <Filter>ソース ファイル\common\debug</Filter>
    </ClInclude>
    <ClInclude Include="common\std\ngStdIO.h">
      <Filter>ソース ファイル\common\std</Filter>
    </ClInclude>
    <ClInclude Include="common\std\ngStd.h">
      <Filter>ソース ファイル\common\std</Filter>
    </ClInclude>
    <ClInclude Include="common\std\ngStdMacro.h">
      <Filter>ソース ファイル\common\std</Filter>
    </ClInclude>
    <ClInclude Include="debug\ngMemDump.h">
      <Filter>ソース ファイル\debug</Filter>
    </ClInclude>
    <ClInclude Include="debug\ngStackTrace.h">
      <Filter>ソース ファイル\debug</Filter>
    </ClInclude>
    <ClInclude Include="preincl\ngPreInclude.h">
      <Filter>ソース ファイル\preincl</Filter>
    </ClInclude>
    <ClInclude Include="preincl\ngBuild.h">
      <Filter>ソース ファイル\preincl</Filter>
    </ClInclude>
    <ClInclude Include="preincl\ngConfig.h">
      <Filter>ソース ファイル\preincl</Filter>
    </ClInclude>
    <ClInclude Include="preincl\ngDefine.h">
      <Filter>ソース ファイル\preincl</Filter>
    </ClInclude>
    <ClInclude Include="preincl\ngEnv.h">
      <Filter>ソース ファイル\preincl</Filter>
    </ClInclude>
    <ClInclude Include="common\string\ngStrMacro.h">
      <Filter>ソース ファイル\common\string</Filter>
    </ClInclude>
    <ClInclude Include="common\string\ngStrUtil.h">
      <Filter>ソース ファイル\common\string</Filter>
    </ClInclude>
    <ClInclude Include="common\memory\ngAlloc.h">
      <Filter>ソース ファイル\common\memory</Filter>
    </ClInclude>
    <ClInclude Include="common\memory\ngMemMacro.h">
      <Filter>ソース ファイル\common\memory</Filter>
    </ClInclude>
    <ClInclude Include="common\std\msgbox\ngMsgBox.h">
      <Filter>ソース ファイル\common\std\msgbox</Filter>
    </ClInclude>
    <ClInclude Include="common\std\msgbox\ngMsgBoxMacro.h">
      <Filter>ソース ファイル\common\std\msgbox</Filter>
    </ClInclude>
    <ClInclude Include="common\error\ngErrCode.h">
      <Filter>ソース ファイル\common\error</Filter>
    </ClInclude>
    <ClInclude Include="common\error\ngErrMacro.h">
      <Filter>ソース ファイル\common\error</Filter>
    </ClInclude>
    <ClInclude Include="common\error\ngError.h">
      <Filter>ソース ファイル\common\error</Filter>
    </ClInclude>
    <ClInclude Include="allocator\ngDefaultAllocator.h">
      <Filter>ソース ファイル\allocator</Filter>
    </ClInclude>
    <ClInclude Include="allocator\ngMemoryAllocator.h">
      <Filter>ソース ファイル\allocator</Filter>
    </ClInclude>
    <ClInclude Include="memory\pool\ngMemoryPool.h">
      <Filter>ソース ファイル\memory\pool</Filter>
    </ClInclude>
    <ClInclude Include="memory\pool\ngRootMemoryPool.h">
      <Filter>ソース ファイル\memory\pool</Filter>
    </ClInclude>
    <ClInclude Include="io\file\ngFile.h">
      <Filter>ソース ファイル\io\file</Filter>
    </ClInclude>
    <ClInclude Include="traits\ngNonCopyable.h">
      <Filter>ソース ファイル\traits</Filter>
    </ClInclude>
    <ClInclude Include="traits\ngSingleton.h">
      <Filter>ソース ファイル\traits</Filter>
    </ClInclude>
    <ClInclude Include="io\console\ngConsole.h">
      <Filter>ソース ファイル\io\console</Filter>
    </ClInclude>
    <ClInclude Include="io\console\ngConsoleMacro.h">
      <Filter>ソース ファイル\io\console</Filter>
    </ClInclude>
    <ClInclude Include="debug\log\ngDebugLog.h">
      <Filter>ソース ファイル\debug\log</Filter>
    </ClInclude>
    <ClInclude Include="locale\ngLocale.h">
      <Filter>ソース ファイル\locale</Filter>
    </ClInclude>
    <ClInclude Include="io\stream\ngOutputStream.h">
      <Filter>ソース ファイル\io\stream</Filter>
    </ClInclude>
  </ItemGroup>
  <ItemGroup>
    <ClCompile Include="precmpl\ngPreCompiled.cpp">
      <Filter>ソース ファイル\precmpl</Filter>
    </ClCompile>
    <ClCompile Include="common\debug\ngDbgMacro.cpp">
      <Filter>ソース ファイル\common\debug</Filter>
    </ClCompile>
    <ClCompile Include="common\debug\ngDebug.cpp">
      <Filter>ソース ファイル\common\debug</Filter>
    </ClCompile>
    <ClCompile Include="common\std\ngStdIO.cpp">
      <Filter>ソース ファイル\common\std</Filter>
    </ClCompile>
    <ClCompile Include="common\std\ngStd.cpp">
      <Filter>ソース ファイル\common\std</Filter>
    </ClCompile>
    <ClCompile Include="debug\ngMemDump.cpp">
      <Filter>ソース ファイル\debug</Filter>
    </ClCompile>
    <ClCompile Include="debug\ngStackTrace.cpp">
      <Filter>ソース ファイル\debug</Filter>
    </ClCompile>
    <ClCompile Include="common\string\ngStrUtil.cpp">
      <Filter>ソース ファイル\common\string</Filter>
    </ClCompile>
    <ClCompile Include="common\memory\ngAlloc.cpp">
      <Filter>ソース ファイル\common\memory</Filter>
    </ClCompile>
    <ClCompile Include="common\std\msgbox\ngMsgBox.cpp">
      <Filter>ソース ファイル\common\std\msgbox</Filter>
    </ClCompile>
    <ClCompile Include="common\std\msgbox\ngMsgBoxMacro.cpp">
      <Filter>ソース ファイル\common\std\msgbox</Filter>
    </ClCompile>
    <ClCompile Include="common\error\ngErrCode.cpp">
      <Filter>ソース ファイル\common\error</Filter>
    </ClCompile>
    <ClCompile Include="common\error\ngError.cpp">
      <Filter>ソース ファイル\common\error</Filter>
    </ClCompile>
    <ClCompile Include="allocator\ngDefaultAllocator.cpp">
      <Filter>ソース ファイル\allocator</Filter>
    </ClCompile>
    <ClCompile Include="memory\pool\ngMemoryPool.cpp">
      <Filter>ソース ファイル\memory\pool</Filter>
    </ClCompile>
    <ClCompile Include="memory\pool\ngRootMemoryPool.cpp">
      <Filter>ソース ファイル\memory\pool</Filter>
    </ClCompile>
    <ClCompile Include="io\file\ngFile.cpp">
      <Filter>ソース ファイル\io\file</Filter>
    </ClCompile>
    <ClCompile Include="io\console\ngConsole.cpp">
      <Filter>ソース ファイル\io\console</Filter>
    </ClCompile>
    <ClCompile Include="io\console\ngConsoleMacro.cpp">
      <Filter>ソース ファイル\io\console</Filter>
    </ClCompile>
    <ClCompile Include="debug\log\ngDebugLog.cpp">
      <Filter>ソース ファイル\debug\log</Filter>
    </ClCompile>
    <ClCompile Include="locale\ngLocale.cpp">
      <Filter>ソース ファイル\locale</Filter>
    </ClCompile>
  </ItemGroup>
</Project>