<?xml version="1.0" encoding="utf-8"?>
<Project ToolsVersion="4.0" xmlns="http://schemas.microsoft.com/developer/msbuild/2003">
  <ItemGroup>
    <Filter Include="ソース ファイル">
      <UniqueIdentifier>{4FC737F1-C7A5-4376-A066-2A32D752A2FF}</UniqueIdentifier>
      <Extensions>cpp;c;cc;cxx;c++;def;odl;idl;hpj;bat;asm;asmx</Extensions>
    </Filter>
    <Filter Include="ソース ファイル\common">
      <UniqueIdentifier>{0ee2c3eb-43eb-4e4e-91e9-8eea7e230a78}</UniqueIdentifier>
    </Filter>
    <Filter Include="ソース ファイル\window">
      <UniqueIdentifier>{62335a88-a9e0-4b95-a29e-ca907632f56b}</UniqueIdentifier>
    </Filter>
    <Filter Include="ソース ファイル\precmpl">
      <UniqueIdentifier>{cd5e05a3-0284-434b-b563-3390c59308c2}</UniqueIdentifier>
    </Filter>
    <Filter Include="ソース ファイル\preincl">
      <UniqueIdentifier>{de6c5c3b-48b9-4aca-8c24-dfa5c3d7aa67}</UniqueIdentifier>
    </Filter>
    <Filter Include="ソース ファイル\input">
      <UniqueIdentifier>{1b30e163-b85b-47ad-a504-645ee3386c5c}</UniqueIdentifier>
    </Filter>
    <Filter Include="ソース ファイル\input\keyboard">
      <UniqueIdentifier>{6dc322f0-a219-40ba-a1b4-e3746b199903}</UniqueIdentifier>
    </Filter>
    <Filter Include="ソース ファイル\input\mouse">
      <UniqueIdentifier>{7ac68da2-ba3b-40ee-bb41-868f5fc289aa}</UniqueIdentifier>
    </Filter>
    <Filter Include="ソース ファイル\ui">
      <UniqueIdentifier>{9f715b95-1c6b-4f36-a75b-d4c9f6931a3d}</UniqueIdentifier>
    </Filter>
    <Filter Include="ソース ファイル\ui\imgui">
      <UniqueIdentifier>{f57f921e-8b7a-453c-98ae-573da6891aa4}</UniqueIdentifier>
    </Filter>
    <Filter Include="ソース ファイル\ui\imgui\imgui_src">
      <UniqueIdentifier>{f2782593-d567-48f7-bae8-204a7496ef51}</UniqueIdentifier>
    </Filter>
    <Filter Include="ソース ファイル\state">
      <UniqueIdentifier>{a623d65c-1f0d-4ca4-8a5f-fa627d50a1ff}</UniqueIdentifier>
    </Filter>
  </ItemGroup>
  <ItemGroup>
    <ClCompile Include="precmpl\ngPreCompiled.cpp">
      <Filter>ソース ファイル\precmpl</Filter>
    </ClCompile>
    <ClCompile Include="window\ngWindow.cpp">
      <Filter>ソース ファイル\window</Filter>
    </ClCompile>
    <ClCompile Include="input\ngInputManager.cpp">
      <Filter>ソース ファイル\input</Filter>
    </ClCompile>
    <ClCompile Include="input\ngDirectInput.cpp">
      <Filter>ソース ファイル\input</Filter>
    </ClCompile>
    <ClCompile Include="input\keyboard\ngDIKeyboard.cpp">
      <Filter>ソース ファイル\input\keyboard</Filter>
    </ClCompile>
    <ClCompile Include="input\mouse\ngDIMouse.cpp">
      <Filter>ソース ファイル\input\mouse</Filter>
    </ClCompile>
    <ClCompile Include="ui\imgui\imgui_src\imgui.cpp">
      <Filter>ソース ファイル\ui\imgui\imgui_src</Filter>
    </ClCompile>
    <ClCompile Include="ui\imgui\imgui_src\imgui_draw.cpp">
      <Filter>ソース ファイル\ui\imgui\imgui_src</Filter>
    </ClCompile>
    <ClCompile Include="ui\imgui\imgui_src\imgui_widgets.cpp">
      <Filter>ソース ファイル\ui\imgui\imgui_src</Filter>
    </ClCompile>
    <ClCompile Include="ui\imgui\imgui_src\imgui_demo.cpp">
      <Filter>ソース ファイル\ui\imgui\imgui_src</Filter>
    </ClCompile>
    <ClCompile Include="ui\imgui\imgui_src\imgui_impl_dx12.cpp">
      <Filter>ソース ファイル\ui\imgui\imgui_src</Filter>
    </ClCompile>
    <ClCompile Include="ui\imgui\imgui_src\imgui_impl_win32.cpp">
      <Filter>ソース ファイル\ui\imgui\imgui_src</Filter>
    </ClCompile>
    <ClCompile Include="ui\imgui\ngImGuiDX12.cpp">
      <Filter>ソース ファイル\ui\imgui</Filter>
    </ClCompile>
  </ItemGroup>
  <ItemGroup>
    <ClInclude Include="precmpl\ngPreCompiled.h">
      <Filter>ソース ファイル\precmpl</Filter>
    </ClInclude>
    <ClInclude Include="window\ngWindow.h">
      <Filter>ソース ファイル\window</Filter>
    </ClInclude>
    <ClInclude Include="ngLibApp.h">
      <Filter>ソース ファイル</Filter>
    </ClInclude>
    <ClInclude Include="common\ngCommon.h">
      <Filter>ソース ファイル\common</Filter>
    </ClInclude>
    <ClInclude Include="preincl\ngPreInclude.h">
      <Filter>ソース ファイル\preincl</Filter>
    </ClInclude>
    <ClInclude Include="preincl\ngDefine.h">
      <Filter>ソース ファイル\preincl</Filter>
    </ClInclude>
    <ClInclude Include="input\ngInput.h">
      <Filter>ソース ファイル\input</Filter>
    </ClInclude>
    <ClInclude Include="input\ngInputManager.h">
      <Filter>ソース ファイル\input</Filter>
    </ClInclude>
    <ClInclude Include="input\ngDirectInput.h">
      <Filter>ソース ファイル\input</Filter>
    </ClInclude>
    <ClInclude Include="input\keyboard\ngDIKeyboard.h">
      <Filter>ソース ファイル\input\keyboard</Filter>
    </ClInclude>
    <ClInclude Include="input\mouse\ngDIMouse.h">
      <Filter>ソース ファイル\input\mouse</Filter>
    </ClInclude>
    <ClInclude Include="input\ngInputState.h">
      <Filter>ソース ファイル\input</Filter>
    </ClInclude>
    <ClInclude Include="input\ngInputCode.h">
      <Filter>ソース ファイル\input</Filter>
    </ClInclude>
    <ClInclude Include="ui\imgui\imgui_src\imgui.h">
      <Filter>ソース ファイル\ui\imgui\imgui_src</Filter>
    </ClInclude>
    <ClInclude Include="ui\imgui\imgui_src\imgui_internal.h">
      <Filter>ソース ファイル\ui\imgui\imgui_src</Filter>
    </ClInclude>
    <ClInclude Include="ui\imgui\imgui_src\imstb_rectpack.h">
      <Filter>ソース ファイル\ui\imgui\imgui_src</Filter>
    </ClInclude>
    <ClInclude Include="ui\imgui\imgui_src\imstb_textedit.h">
      <Filter>ソース ファイル\ui\imgui\imgui_src</Filter>
    </ClInclude>
    <ClInclude Include="ui\imgui\imgui_src\imstb_truetype.h">
      <Filter>ソース ファイル\ui\imgui\imgui_src</Filter>
    </ClInclude>
    <ClInclude Include="ui\imgui\imgui_src\imconfig.h">
      <Filter>ソース ファイル\ui\imgui\imgui_src</Filter>
    </ClInclude>
    <ClInclude Include="ui\imgui\imgui_src\imgui_impl_dx12.h">
      <Filter>ソース ファイル\ui\imgui\imgui_src</Filter>
    </ClInclude>
    <ClInclude Include="ui\imgui\imgui_src\imgui_impl_win32.h">
      <Filter>ソース ファイル\ui\imgui\imgui_src</Filter>
    </ClInclude>
    <ClInclude Include="ui\imgui\ngImGuiDX12.h">
      <Filter>ソース ファイル\ui\imgui</Filter>
    </ClInclude>
    <ClInclude Include="ui\imgui\ngImGui.h">
      <Filter>ソース ファイル\ui\imgui</Filter>
    </ClInclude>
    <ClInclude Include="state\ngStateMachine.h">
      <Filter>ソース ファイル\state</Filter>
    </ClInclude>
  </ItemGroup>
</Project>