<?xml version="1.0" encoding="utf-8"?>
<Project ToolsVersion="4.0" xmlns="http://schemas.microsoft.com/developer/msbuild/2003">
  <ItemGroup>
    <Filter Include="ソース ファイル">
      <UniqueIdentifier>{4FC737F1-C7A5-4376-A066-2A32D752A2FF}</UniqueIdentifier>
      <Extensions>cpp;c;cc;cxx;c++;def;odl;idl;hpj;bat;asm;asmx</Extensions>
    </Filter>
    <Filter Include="ソース ファイル\game">
      <UniqueIdentifier>{93d7f4d6-8a86-46af-880f-84470358b2ad}</UniqueIdentifier>
    </Filter>
    <Filter Include="ソース ファイル\common">
      <UniqueIdentifier>{ef8b8feb-714b-4bb8-a8aa-fa93b81f15cf}</UniqueIdentifier>
    </Filter>
    <Filter Include="ソース ファイル\preincl">
      <UniqueIdentifier>{72f60e4c-d4db-4f8b-9660-1f545b0a4417}</UniqueIdentifier>
    </Filter>
    <Filter Include="ソース ファイル\graphic">
      <UniqueIdentifier>{a32b05a0-285e-4538-aa02-5c439e9a0811}</UniqueIdentifier>
    </Filter>
    <Filter Include="ソース ファイル\graphic\pipeline">
      <UniqueIdentifier>{21a1d003-9528-4110-8a79-eb41f916e57f}</UniqueIdentifier>
    </Filter>
    <Filter Include="ソース ファイル\graphic\pipeline\test">
      <UniqueIdentifier>{1c5a58e4-75e6-4bed-a127-9006ee872adf}</UniqueIdentifier>
    </Filter>
    <Filter Include="ソース ファイル\input">
      <UniqueIdentifier>{1730f104-6788-4350-8e1d-eb1167386c31}</UniqueIdentifier>
    </Filter>
    <Filter Include="ソース ファイル\scene">
      <UniqueIdentifier>{daf91002-f10d-4086-8171-ed97cd0d6d1c}</UniqueIdentifier>
    </Filter>
    <Filter Include="ソース ファイル\scene\test">
      <UniqueIdentifier>{842caf6e-1472-4049-9749-8e7c401d5bb8}</UniqueIdentifier>
    </Filter>
    <Filter Include="ソース ファイル\scene\root">
      <UniqueIdentifier>{c2e7ec69-53f1-4c91-a822-f010c0f29fb8}</UniqueIdentifier>
    </Filter>
    <Filter Include="ソース ファイル\memory">
      <UniqueIdentifier>{4d7c6ca4-60f0-49a4-9e79-193bbe23b379}</UniqueIdentifier>
    </Filter>
    <Filter Include="ソース ファイル\job">
      <UniqueIdentifier>{124043a6-96a2-46db-bf6a-0d17f5c735dd}</UniqueIdentifier>
    </Filter>
    <Filter Include="ソース ファイル\graphic\command">
      <UniqueIdentifier>{6fe54e17-05ba-4fbc-adc8-fe03e0128bc6}</UniqueIdentifier>
    </Filter>
    <Filter Include="ソース ファイル\tool">
      <UniqueIdentifier>{41598700-5347-429a-b474-76b33d0980e0}</UniqueIdentifier>
    </Filter>
    <Filter Include="ソース ファイル\tool\gui">
      <UniqueIdentifier>{7914bf5e-70c5-44ce-969b-52622950043c}</UniqueIdentifier>
    </Filter>
    <Filter Include="ソース ファイル\game\actor">
      <UniqueIdentifier>{f07e4fc5-d834-4288-a6a9-82ae2cecfd5e}</UniqueIdentifier>
    </Filter>
    <Filter Include="ソース ファイル\game\actor\player">
      <UniqueIdentifier>{898e56c0-664d-4b66-ae1d-250895eef89d}</UniqueIdentifier>
    </Filter>
    <Filter Include="ソース ファイル\game\world">
      <UniqueIdentifier>{dd767942-b89d-4022-85c4-afce4dd8bc78}</UniqueIdentifier>
    </Filter>
    <Filter Include="ソース ファイル\application">
      <UniqueIdentifier>{90c43ec9-8172-4410-bff3-629c5d5cacd3}</UniqueIdentifier>
    </Filter>
    <Filter Include="ソース ファイル\game\job">
      <UniqueIdentifier>{ebb189d0-c80a-4968-9bbe-9ec439b7f9fb}</UniqueIdentifier>
    </Filter>
    <Filter Include="ソース ファイル\game\common">
      <UniqueIdentifier>{3890cdb0-5e76-4854-bc57-68bd34e0df0f}</UniqueIdentifier>
    </Filter>
    <Filter Include="ソース ファイル\graphic\render">
      <UniqueIdentifier>{b02146f2-7fb1-4f8f-9d79-11ac5108883d}</UniqueIdentifier>
    </Filter>
    <Filter Include="ソース ファイル\graphic\render\sprite">
      <UniqueIdentifier>{d2681ded-bdfc-4aba-b722-c5a9af9380f4}</UniqueIdentifier>
    </Filter>
    <Filter Include="ソース ファイル\game\actor\player\test">
      <UniqueIdentifier>{b836fbf4-e3b3-42ed-8feb-29c8763874dc}</UniqueIdentifier>
    </Filter>
    <Filter Include="ソース ファイル\resource">
      <UniqueIdentifier>{47f8b550-0581-4104-8810-58d48091c636}</UniqueIdentifier>
    </Filter>
    <Filter Include="ソース ファイル\resource\memory">
      <UniqueIdentifier>{4526e6e3-4627-48ae-9484-654cb5c3dd6f}</UniqueIdentifier>
    </Filter>
    <Filter Include="ソース ファイル\graphic\material">
      <UniqueIdentifier>{9446bb9f-75fc-4f5a-8b63-bd809ab00556}</UniqueIdentifier>
    </Filter>
    <Filter Include="ソース ファイル\graphic\shader">
      <UniqueIdentifier>{f0ab8b19-8d75-4e32-be11-2d9781eb3ad7}</UniqueIdentifier>
    </Filter>
    <Filter Include="ソース ファイル\graphic\texture">
      <UniqueIdentifier>{bc555b6b-a32e-45c8-a366-8c0ecc67a03b}</UniqueIdentifier>
    </Filter>
    <Filter Include="ソース ファイル\graphic\rootsign">
      <UniqueIdentifier>{dde92d86-cee0-45d2-9691-86f4985b499b}</UniqueIdentifier>
    </Filter>
    <Filter Include="ソース ファイル\graphic\rootsign\desc">
      <UniqueIdentifier>{cab812d8-b86b-4bb0-93c9-75425e997c43}</UniqueIdentifier>
    </Filter>
    <Filter Include="ソース ファイル\graphic\shader\effect">
      <UniqueIdentifier>{ce140abc-a4f4-4e4a-8c9d-22b38445d5b7}</UniqueIdentifier>
    </Filter>
    <Filter Include="ソース ファイル\graphic\shader\effect\factory">
      <UniqueIdentifier>{9a5f813d-27c5-4835-9097-3b50c9730144}</UniqueIdentifier>
    </Filter>
    <Filter Include="ソース ファイル\graphic\state">
      <UniqueIdentifier>{fecd2e26-0e2b-4a0a-9b16-66c6f99a6096}</UniqueIdentifier>
    </Filter>
  </ItemGroup>
  <ItemGroup>
    <ClCompile Include="main.cpp">
      <Filter>ソース ファイル</Filter>
    </ClCompile>
    <ClCompile Include="graphic\appGraphic.cpp">
      <Filter>ソース ファイル\graphic</Filter>
    </ClCompile>
    <ClCompile Include="graphic\pipeline\appGraphicPipeline.cpp">
      <Filter>ソース ファイル\graphic\pipeline</Filter>
    </ClCompile>
    <ClCompile Include="graphic\pipeline\test\appGraphicPipelineClearBuffer.cpp">
      <Filter>ソース ファイル\graphic\pipeline\test</Filter>
    </ClCompile>
    <ClCompile Include="input\appInput.cpp">
      <Filter>ソース ファイル\input</Filter>
    </ClCompile>
    <ClCompile Include="graphic\pipeline\test\appGraphicPipelinePolygon.cpp">
      <Filter>ソース ファイル\graphic\pipeline\test</Filter>
    </ClCompile>
    <ClCompile Include="graphic\pipeline\test\appGraphicPipelineModel.cpp">
      <Filter>ソース ファイル\graphic\pipeline\test</Filter>
    </ClCompile>
    <ClCompile Include="scene\appSceneManager.cpp">
      <Filter>ソース ファイル\scene</Filter>
    </ClCompile>
    <ClCompile Include="scene\test\appSceneTest.cpp">
      <Filter>ソース ファイル\scene\test</Filter>
    </ClCompile>
    <ClCompile Include="scene\root\appSceneRoot.cpp">
      <Filter>ソース ファイル\scene\root</Filter>
    </ClCompile>
    <ClCompile Include="input\appInputModule.cpp">
      <Filter>ソース ファイル\input</Filter>
    </ClCompile>
    <ClCompile Include="graphic\appGraphicModule.cpp">
      <Filter>ソース ファイル\graphic</Filter>
    </ClCompile>
    <ClCompile Include="scene\appSceneModule.cpp">
      <Filter>ソース ファイル\scene</Filter>
    </ClCompile>
    <ClCompile Include="memory\appMemoryModule.cpp">
      <Filter>ソース ファイル\memory</Filter>
    </ClCompile>
    <ClCompile Include="memory\appApplicationMemory.cpp">
      <Filter>ソース ファイル\memory</Filter>
    </ClCompile>
    <ClCompile Include="job\appJobManager.cpp">
      <Filter>ソース ファイル\job</Filter>
    </ClCompile>
    <ClCompile Include="tool\gui\appToolGUI.cpp">
      <Filter>ソース ファイル\tool\gui</Filter>
    </ClCompile>
    <ClCompile Include="tool\gui\appToolGUIModule.cpp">
      <Filter>ソース ファイル\tool\gui</Filter>
    </ClCompile>
    <ClCompile Include="graphic\pipeline\test\appGraphicPipelineShape.cpp">
      <Filter>ソース ファイル\graphic\pipeline\test</Filter>
    </ClCompile>
    <ClCompile Include="graphic\pipeline\test\appGraphicPipelineTexture.cpp">
      <Filter>ソース ファイル\graphic\pipeline\test</Filter>
    </ClCompile>
    <ClCompile Include="scene\test\appSceneTestImGui.cpp">
      <Filter>ソース ファイル\scene\test</Filter>
    </ClCompile>
    <ClCompile Include="graphic\pipeline\appGraphicPipelineDefault.cpp">
      <Filter>ソース ファイル\graphic\pipeline</Filter>
    </ClCompile>
    <ClCompile Include="game\actor\appGameActor.cpp">
      <Filter>ソース ファイル\game\actor</Filter>
    </ClCompile>
    <ClCompile Include="game\actor\player\appGameActorPlayer.cpp">
      <Filter>ソース ファイル\game\actor\player</Filter>
    </ClCompile>
    <ClCompile Include="game\world\appGameWorld.cpp">
      <Filter>ソース ファイル\game\world</Filter>
    </ClCompile>
    <ClCompile Include="application\appApplication.cpp">
      <Filter>ソース ファイル\application</Filter>
    </ClCompile>
    <ClCompile Include="game\appGame.cpp">
      <Filter>ソース ファイル\game</Filter>
    </ClCompile>
    <ClCompile Include="scene\test\appSceneTestGame.cpp">
      <Filter>ソース ファイル\scene\test</Filter>
    </ClCompile>
    <ClCompile Include="game\job\appGameJobManager.cpp">
      <Filter>ソース ファイル\game\job</Filter>
    </ClCompile>
    <ClCompile Include="game\job\appGameJobQueueSize.cpp">
      <Filter>ソース ファイル\game\job</Filter>
    </ClCompile>
    <ClCompile Include="game\appGameModule.cpp">
      <Filter>ソース ファイル\game</Filter>
    </ClCompile>
    <ClCompile Include="game\job\appGameJob.cpp">
      <Filter>ソース ファイル\game\job</Filter>
    </ClCompile>
    <ClCompile Include="game\job\appGameJobUtil.cpp">
      <Filter>ソース ファイル\game\job</Filter>
    </ClCompile>
    <ClCompile Include="game\actor\appGameActorMacro.cpp">
      <Filter>ソース ファイル\game\actor</Filter>
    </ClCompile>
    <ClCompile Include="graphic\render\appRenderable.cpp">
      <Filter>ソース ファイル\graphic\render</Filter>
    </ClCompile>
    <ClCompile Include="graphic\render\sprite\appSprite.cpp">
      <Filter>ソース ファイル\graphic\render\sprite</Filter>
    </ClCompile>
    <ClCompile Include="graphic\appGraphicUtil.cpp">
      <Filter>ソース ファイル\graphic</Filter>
    </ClCompile>
    <ClCompile Include="game\actor\player\test\appGameActorPlayerTest.cpp">
      <Filter>ソース ファイル\game\actor\player\test</Filter>
    </ClCompile>
    <ClCompile Include="memory\appApplicationMemorySize.cpp">
      <Filter>ソース ファイル\memory</Filter>
    </ClCompile>
    <ClCompile Include="resource\memory\appResourceMemory.cpp">
      <Filter>ソース ファイル\resource\memory</Filter>
    </ClCompile>
    <ClCompile Include="resource\memory\appResourceMemorySize.cpp">
      <Filter>ソース ファイル\resource\memory</Filter>
    </ClCompile>
    <ClCompile Include="resource\appResourceModule.cpp">
      <Filter>ソース ファイル\resource</Filter>
    </ClCompile>
    <ClCompile Include="resource\appResourceSystem.cpp">
      <Filter>ソース ファイル\resource</Filter>
    </ClCompile>
    <ClCompile Include="graphic\material\appMaterial.cpp">
      <Filter>ソース ファイル\graphic\material</Filter>
    </ClCompile>
    <ClCompile Include="graphic\material\appMaterialFormat.cpp">
      <Filter>ソース ファイル\graphic\material</Filter>
    </ClCompile>
    <ClCompile Include="graphic\texture\appTexture.cpp">
      <Filter>ソース ファイル\graphic\texture</Filter>
    </ClCompile>
    <ClCompile Include="graphic\shader\appShader.cpp">
      <Filter>ソース ファイル\graphic\shader</Filter>
    </ClCompile>
    <ClCompile Include="graphic\rootsign\desc\appRootSignatureDescSprite.cpp">
      <Filter>ソース ファイル\graphic\rootsign\desc</Filter>
    </ClCompile>
    <ClCompile Include="graphic\rootsign\appRootSignatureInfo.cpp">
      <Filter>ソース ファイル\graphic\rootsign</Filter>
    </ClCompile>
    <ClCompile Include="graphic\rootsign\appRootSignatureManager.cpp">
      <Filter>ソース ファイル\graphic\rootsign</Filter>
    </ClCompile>
    <ClCompile Include="graphic\shader\effect\appShaderEffectTexture.cpp">
      <Filter>ソース ファイル\graphic\shader\effect</Filter>
    </ClCompile>
    <ClCompile Include="graphic\shader\effect\appShaderEffect.cpp">
      <Filter>ソース ファイル\graphic\shader\effect</Filter>
    </ClCompile>
    <ClCompile Include="graphic\shader\effect\factory\appShaderEffectFactory.cpp">
      <Filter>ソース ファイル\graphic\shader\effect\factory</Filter>
    </ClCompile>
    <ClCompile Include="graphic\state\appPipelineStateManager.cpp">
      <Filter>ソース ファイル\graphic\state</Filter>
    </ClCompile>
    <ClCompile Include="graphic\material\appMaterialLibrary.cpp">
      <Filter>ソース ファイル\graphic\material</Filter>
    </ClCompile>
    <ClCompile Include="resource\appResourceExtTable.cpp">
      <Filter>ソース ファイル\resource</Filter>
    </ClCompile>
  </ItemGroup>
  <ItemGroup>
    <ClInclude Include="common\appCommon.h">
      <Filter>ソース ファイル\common</Filter>
    </ClInclude>
    <ClInclude Include="preincl\appPreInclude.h">
      <Filter>ソース ファイル\preincl</Filter>
    </ClInclude>
    <ClInclude Include="graphic\appGraphic.h">
      <Filter>ソース ファイル\graphic</Filter>
    </ClInclude>
    <ClInclude Include="graphic\pipeline\appGraphicPipeline.h">
      <Filter>ソース ファイル\graphic\pipeline</Filter>
    </ClInclude>
    <ClInclude Include="graphic\pipeline\test\appGraphicPipelineClearBuffer.h">
      <Filter>ソース ファイル\graphic\pipeline\test</Filter>
    </ClInclude>
    <ClInclude Include="input\appInput.h">
      <Filter>ソース ファイル\input</Filter>
    </ClInclude>
    <ClInclude Include="graphic\pipeline\test\appGraphicPipelinePolygon.h">
      <Filter>ソース ファイル\graphic\pipeline\test</Filter>
    </ClInclude>
    <ClInclude Include="graphic\pipeline\test\appGraphicPipelineModel.h">
      <Filter>ソース ファイル\graphic\pipeline\test</Filter>
    </ClInclude>
    <ClInclude Include="scene\appScene.h">
      <Filter>ソース ファイル\scene</Filter>
    </ClInclude>
    <ClInclude Include="scene\appSceneManager.h">
      <Filter>ソース ファイル\scene</Filter>
    </ClInclude>
    <ClInclude Include="scene\test\appSceneTest.h">
      <Filter>ソース ファイル\scene\test</Filter>
    </ClInclude>
    <ClInclude Include="scene\root\appSceneRoot.h">
      <Filter>ソース ファイル\scene\root</Filter>
    </ClInclude>
    <ClInclude Include="scene\appSceneId.h">
      <Filter>ソース ファイル\scene</Filter>
    </ClInclude>
    <ClInclude Include="input\appInputModule.h">
      <Filter>ソース ファイル\input</Filter>
    </ClInclude>
    <ClInclude Include="graphic\appGraphicModule.h">
      <Filter>ソース ファイル\graphic</Filter>
    </ClInclude>
    <ClInclude Include="scene\appSceneModule.h">
      <Filter>ソース ファイル\scene</Filter>
    </ClInclude>
    <ClInclude Include="memory\appMemoryModule.h">
      <Filter>ソース ファイル\memory</Filter>
    </ClInclude>
    <ClInclude Include="memory\appMemoryAllocatorId.h">
      <Filter>ソース ファイル\memory</Filter>
    </ClInclude>
    <ClInclude Include="memory\appApplicationMemory.h">
      <Filter>ソース ファイル\memory</Filter>
    </ClInclude>
    <ClInclude Include="job\appJobManager.h">
      <Filter>ソース ファイル\job</Filter>
    </ClInclude>
    <ClInclude Include="memory\appMemoryUtil.h">
      <Filter>ソース ファイル\memory</Filter>
    </ClInclude>
    <ClInclude Include="graphic\command\appGraphicCommandListId.h">
      <Filter>ソース ファイル\graphic\command</Filter>
    </ClInclude>
    <ClInclude Include="tool\gui\appToolGUI.h">
      <Filter>ソース ファイル\tool\gui</Filter>
    </ClInclude>
    <ClInclude Include="tool\gui\appToolGUIModule.h">
      <Filter>ソース ファイル\tool\gui</Filter>
    </ClInclude>
    <ClInclude Include="graphic\pipeline\test\appGraphicPipelineShape.h">
      <Filter>ソース ファイル\graphic\pipeline\test</Filter>
    </ClInclude>
    <ClInclude Include="graphic\pipeline\test\appGraphicPipelineTexture.h">
      <Filter>ソース ファイル\graphic\pipeline\test</Filter>
    </ClInclude>
    <ClInclude Include="scene\test\appSceneTestImGui.h">
      <Filter>ソース ファイル\scene\test</Filter>
    </ClInclude>
    <ClInclude Include="graphic\pipeline\appGraphicPipelineDefault.h">
      <Filter>ソース ファイル\graphic\pipeline</Filter>
    </ClInclude>
    <ClInclude Include="game\actor\appGameActor.h">
      <Filter>ソース ファイル\game\actor</Filter>
    </ClInclude>
    <ClInclude Include="game\actor\player\appGameActorPlayer.h">
      <Filter>ソース ファイル\game\actor\player</Filter>
    </ClInclude>
    <ClInclude Include="game\world\appGameWorld.h">
      <Filter>ソース ファイル\game\world</Filter>
    </ClInclude>
    <ClInclude Include="game\actor\appGameActorType.h">
      <Filter>ソース ファイル\game\actor</Filter>
    </ClInclude>
    <ClInclude Include="application\appApplication.h">
      <Filter>ソース ファイル\application</Filter>
    </ClInclude>
    <ClInclude Include="game\appGame.h">
      <Filter>ソース ファイル\game</Filter>
    </ClInclude>
    <ClInclude Include="scene\test\appSceneTestGame.h">
      <Filter>ソース ファイル\scene\test</Filter>
    </ClInclude>
    <ClInclude Include="game\job\appGameJobManager.h">
      <Filter>ソース ファイル\game\job</Filter>
    </ClInclude>
    <ClInclude Include="game\job\appGameJobType.h">
      <Filter>ソース ファイル\game\job</Filter>
    </ClInclude>
    <ClInclude Include="game\job\appGameJobQueueSize.h">
      <Filter>ソース ファイル\game\job</Filter>
    </ClInclude>
    <ClInclude Include="game\appGameModule.h">
      <Filter>ソース ファイル\game</Filter>
    </ClInclude>
    <ClInclude Include="game\job\appGameJob.h">
      <Filter>ソース ファイル\game\job</Filter>
    </ClInclude>
    <ClInclude Include="game\common\appGameCommon.h">
      <Filter>ソース ファイル\game\common</Filter>
    </ClInclude>
    <ClInclude Include="game\job\appGameJobAction.h">
      <Filter>ソース ファイル\game\job</Filter>
    </ClInclude>
    <ClInclude Include="game\job\appGameJobUtil.h">
      <Filter>ソース ファイル\game\job</Filter>
    </ClInclude>
    <ClInclude Include="game\actor\appGameActorMacro.h">
      <Filter>ソース ファイル\game\actor</Filter>
    </ClInclude>
    <ClInclude Include="graphic\render\appRenderParam.h">
      <Filter>ソース ファイル\graphic\render</Filter>
    </ClInclude>
    <ClInclude Include="graphic\render\appRenderable.h">
      <Filter>ソース ファイル\graphic\render</Filter>
    </ClInclude>
    <ClInclude Include="graphic\render\sprite\appSprite.h">
      <Filter>ソース ファイル\graphic\render\sprite</Filter>
    </ClInclude>
    <ClInclude Include="graphic\appGraphicUtil.h">
      <Filter>ソース ファイル\graphic</Filter>
    </ClInclude>
    <ClInclude Include="game\actor\player\test\appGameActorPlayerTest.h">
      <Filter>ソース ファイル\game\actor\player\test</Filter>
    </ClInclude>
    <ClInclude Include="graphic\appGraphicDefine.h">
      <Filter>ソース ファイル\graphic</Filter>
    </ClInclude>
    <ClInclude Include="memory\appApplicationMemorySize.h">
      <Filter>ソース ファイル\memory</Filter>
    </ClInclude>
    <ClInclude Include="resource\memory\appResourceMemory.h">
      <Filter>ソース ファイル\resource\memory</Filter>
    </ClInclude>
    <ClInclude Include="resource\memory\appResourceMemorySize.h">
      <Filter>ソース ファイル\resource\memory</Filter>
    </ClInclude>
    <ClInclude Include="resource\memory\appResourceMemoryType.h">
      <Filter>ソース ファイル\resource\memory</Filter>
    </ClInclude>
    <ClInclude Include="resource\appResourceModule.h">
      <Filter>ソース ファイル\resource</Filter>
    </ClInclude>
    <ClInclude Include="resource\appResourceSystem.h">
      <Filter>ソース ファイル\resource</Filter>
    </ClInclude>
    <ClInclude Include="application\appApplicationConst.h">
      <Filter>ソース ファイル\application</Filter>
    </ClInclude>
    <ClInclude Include="graphic\material\appMaterial.h">
      <Filter>ソース ファイル\graphic\material</Filter>
    </ClInclude>
    <ClInclude Include="graphic\material\appMaterialFormat.h">
      <Filter>ソース ファイル\graphic\material</Filter>
    </ClInclude>
    <ClInclude Include="graphic\texture\appTexture.h">
      <Filter>ソース ファイル\graphic\texture</Filter>
    </ClInclude>
    <ClInclude Include="graphic\shader\appShader.h">
      <Filter>ソース ファイル\graphic\shader</Filter>
    </ClInclude>
    <ClInclude Include="graphic\rootsign\desc\appRootSignatureDescSprite.h">
      <Filter>ソース ファイル\graphic\rootsign\desc</Filter>
    </ClInclude>
    <ClInclude Include="graphic\rootsign\appRootSignatureInfo.h">
      <Filter>ソース ファイル\graphic\rootsign</Filter>
    </ClInclude>
    <ClInclude Include="graphic\rootsign\appRootSignatureManager.h">
      <Filter>ソース ファイル\graphic\rootsign</Filter>
    </ClInclude>
    <ClInclude Include="graphic\appGraphicConst.h">
      <Filter>ソース ファイル\graphic</Filter>
    </ClInclude>
    <ClInclude Include="graphic\shader\effect\appShaderEffectTexture.h">
      <Filter>ソース ファイル\graphic\shader\effect</Filter>
    </ClInclude>
    <ClInclude Include="graphic\shader\effect\appShaderEffect.h">
      <Filter>ソース ファイル\graphic\shader\effect</Filter>
    </ClInclude>
    <ClInclude Include="graphic\shader\effect\factory\appShaderEffectFactory.h">
      <Filter>ソース ファイル\graphic\shader\effect\factory</Filter>
    </ClInclude>
    <ClInclude Include="graphic\state\appPipelineStateManager.h">
      <Filter>ソース ファイル\graphic\state</Filter>
    </ClInclude>
    <ClInclude Include="graphic\material\appMaterialLibrary.h">
      <Filter>ソース ファイル\graphic\material</Filter>
    </ClInclude>
  </ItemGroup>
  <ItemGroup>
    <None Include="packages.config" />
  </ItemGroup>
</Project>