<?xml version="1.0" encoding="utf-8"?>
<Project ToolsVersion="4.0" xmlns="http://schemas.microsoft.com/developer/msbuild/2003">
  <ItemGroup>
    <Filter Include="ソース ファイル">
      <UniqueIdentifier>{4FC737F1-C7A5-4376-A066-2A32D752A2FF}</UniqueIdentifier>
      <Extensions>cpp;c;cc;cxx;c++;def;odl;idl;hpj;bat;asm;asmx</Extensions>
    </Filter>
    <Filter Include="ソース ファイル\game">
      <UniqueIdentifier>{93d7f4d6-8a86-46af-880f-84470358b2ad}</UniqueIdentifier>
    </Filter>
    <Filter Include="ソース ファイル\common">
      <UniqueIdentifier>{ef8b8feb-714b-4bb8-a8aa-fa93b81f15cf}</UniqueIdentifier>
    </Filter>
    <Filter Include="ソース ファイル\preincl">
      <UniqueIdentifier>{72f60e4c-d4db-4f8b-9660-1f545b0a4417}</UniqueIdentifier>
    </Filter>
    <Filter Include="ソース ファイル\graphic">
      <UniqueIdentifier>{a32b05a0-285e-4538-aa02-5c439e9a0811}</UniqueIdentifier>
    </Filter>
    <Filter Include="ソース ファイル\graphic\pipeline">
      <UniqueIdentifier>{21a1d003-9528-4110-8a79-eb41f916e57f}</UniqueIdentifier>
    </Filter>
    <Filter Include="ソース ファイル\graphic\pipeline\test">
      <UniqueIdentifier>{1c5a58e4-75e6-4bed-a127-9006ee872adf}</UniqueIdentifier>
    </Filter>
    <Filter Include="ソース ファイル\input">
      <UniqueIdentifier>{1730f104-6788-4350-8e1d-eb1167386c31}</UniqueIdentifier>
    </Filter>
    <Filter Include="ソース ファイル\scene">
      <UniqueIdentifier>{daf91002-f10d-4086-8171-ed97cd0d6d1c}</UniqueIdentifier>
    </Filter>
    <Filter Include="ソース ファイル\scene\test">
      <UniqueIdentifier>{842caf6e-1472-4049-9749-8e7c401d5bb8}</UniqueIdentifier>
    </Filter>
    <Filter Include="ソース ファイル\scene\root">
      <UniqueIdentifier>{c2e7ec69-53f1-4c91-a822-f010c0f29fb8}</UniqueIdentifier>
    </Filter>
  </ItemGroup>
  <ItemGroup>
    <ClCompile Include="main.cpp">
      <Filter>ソース ファイル</Filter>
    </ClCompile>
    <ClCompile Include="game\appGame.cpp">
      <Filter>ソース ファイル\game</Filter>
    </ClCompile>
    <ClCompile Include="graphic\appGraphic.cpp">
      <Filter>ソース ファイル\graphic</Filter>
    </ClCompile>
    <ClCompile Include="graphic\pipeline\appGraphicPipeline.cpp">
      <Filter>ソース ファイル\graphic\pipeline</Filter>
    </ClCompile>
    <ClCompile Include="graphic\pipeline\test\appGraphicPipelineClearBuffer.cpp">
      <Filter>ソース ファイル\graphic\pipeline\test</Filter>
    </ClCompile>
    <ClCompile Include="input\appInput.cpp">
      <Filter>ソース ファイル\input</Filter>
    </ClCompile>
    <ClCompile Include="graphic\pipeline\test\appGraphicPipelinePolygon.cpp">
      <Filter>ソース ファイル\graphic\pipeline\test</Filter>
    </ClCompile>
    <ClCompile Include="scene\appSceneManager.cpp">
      <Filter>ソース ファイル\scene</Filter>
    </ClCompile>
    <ClCompile Include="scene\test\appSceneTest.cpp">
      <Filter>ソース ファイル\scene\test</Filter>
    </ClCompile>
    <ClCompile Include="scene\root\appSceneRoot.cpp">
      <Filter>ソース ファイル\scene\root</Filter>
    </ClCompile>
  </ItemGroup>
  <ItemGroup>
    <ClInclude Include="game\appGame.h">
      <Filter>ソース ファイル\game</Filter>
    </ClInclude>
    <ClInclude Include="common\appCommon.h">
      <Filter>ソース ファイル\common</Filter>
    </ClInclude>
    <ClInclude Include="preincl\appPreInclude.h">
      <Filter>ソース ファイル\preincl</Filter>
    </ClInclude>
    <ClInclude Include="graphic\appGraphic.h">
      <Filter>ソース ファイル\graphic</Filter>
    </ClInclude>
    <ClInclude Include="graphic\pipeline\appGraphicPipeline.h">
      <Filter>ソース ファイル\graphic\pipeline</Filter>
    </ClInclude>
    <ClInclude Include="graphic\pipeline\test\appGraphicPipelineClearBuffer.h">
      <Filter>ソース ファイル\graphic\pipeline\test</Filter>
    </ClInclude>
    <ClInclude Include="input\appInput.h">
      <Filter>ソース ファイル\input</Filter>
    </ClInclude>
    <ClInclude Include="graphic\pipeline\test\appGraphicPipelinePolygon.h">
      <Filter>ソース ファイル\graphic\pipeline\test</Filter>
    </ClInclude>
    <ClInclude Include="scene\appScene.h">
      <Filter>ソース ファイル\scene</Filter>
    </ClInclude>
    <ClInclude Include="scene\appSceneManager.h">
      <Filter>ソース ファイル\scene</Filter>
    </ClInclude>
    <ClInclude Include="scene\test\appSceneTest.h">
      <Filter>ソース ファイル\scene\test</Filter>
    </ClInclude>
    <ClInclude Include="scene\root\appSceneRoot.h">
      <Filter>ソース ファイル\scene\root</Filter>
    </ClInclude>
    <ClInclude Include="scene\appSceneId.h">
      <Filter>ソース ファイル\scene</Filter>
    </ClInclude>
  </ItemGroup>
</Project>